
Microsoft Visual Studio Solution File, Format Version 12.00
# Visual Studio Version 17
VisualStudioVersion = 17.7.34221.43
MinimumVisualStudioVersion = 10.0.40219.1
Project("{FAE04EC0-301F-11D3-BF4B-00C04F79EFBC}") = "GardenAppV1", "GardenAppV1.csproj", "{8D0D5716-CCB7-43DA-BDB0-38C9EC4B0515}"
EndProject
Global
	GlobalSection(SolutionConfigurationPlatforms) = preSolution
		Debug|Any CPU = Debug|Any CPU
		Release|Any CPU = Release|Any CPU
	EndGlobalSection
	GlobalSection(ProjectConfigurationPlatforms) = postSolution
		{8D0D5716-CCB7-43DA-BDB0-38C9EC4B0515}.Debug|Any CPU.ActiveCfg = Debug|Any CPU
		{8D0D5716-CCB7-43DA-BDB0-38C9EC4B0515}.Debug|Any CPU.Build.0 = Debug|Any CPU
		{8D0D5716-CCB7-43DA-BDB0-38C9EC4B0515}.Release|Any CPU.ActiveCfg = Release|Any CPU
		{8D0D5716-CCB7-43DA-BDB0-38C9EC4B0515}.Release|Any CPU.Build.0 = Release|Any CPU
	EndGlobalSection
	GlobalSection(SolutionProperties) = preSolution
		HideSolutionNode = FALSE
	EndGlobalSection
	GlobalSection(ExtensibilityGlobals) = postSolution
		SolutionGuid = {350DFB58-B329-4BC9-8D76-6481CB6E8285}
	EndGlobalSection
EndGlobal
